// !$*UTF8*$!
{
	archiveVersion = 1;
	classes = {
	};
	objectVersion = 50;
	objects = {

/* Begin PBXBuildFile section */
		068A8A4A2510AF520077AF42 /* AppDelegate.swift in Sources */ = {isa = PBXBuildFile; fileRef = 068A8A492510AF520077AF42 /* AppDelegate.swift */; };
		068A8A4C2510AF520077AF42 /* SceneDelegate.swift in Sources */ = {isa = PBXBuildFile; fileRef = 068A8A4B2510AF520077AF42 /* SceneDelegate.swift */; };
		068A8A4E2510AF520077AF42 /* ViewController.swift in Sources */ = {isa = PBXBuildFile; fileRef = 068A8A4D2510AF520077AF42 /* ViewController.swift */; };
		068A8A512510AF520077AF42 /* Main.storyboard in Resources */ = {isa = PBXBuildFile; fileRef = 068A8A4F2510AF520077AF42 /* Main.storyboard */; };
		068A8A542510AF520077AF42 /* LiveGame.xcdatamodeld in Sources */ = {isa = PBXBuildFile; fileRef = 068A8A522510AF520077AF42 /* LiveGame.xcdatamodeld */; };
		068A8A562510AF560077AF42 /* Assets.xcassets in Resources */ = {isa = PBXBuildFile; fileRef = 068A8A552510AF560077AF42 /* Assets.xcassets */; };
		068A8A592510AF560077AF42 /* LaunchScreen.storyboard in Resources */ = {isa = PBXBuildFile; fileRef = 068A8A572510AF560077AF42 /* LaunchScreen.storyboard */; };
/* End PBXBuildFile section */

/* Begin PBXFileReference section */
		068A8A462510AF520077AF42 /* LiveGame.app */ = {isa = PBXFileReference; explicitFileType = wrapper.application; includeInIndex = 0; path = LiveGame.app; sourceTree = BUILT_PRODUCTS_DIR; };
		068A8A492510AF520077AF42 /* AppDelegate.swift */ = {isa = PBXFileReference; lastKnownFileType = sourcecode.swift; path = AppDelegate.swift; sourceTree = "<group>"; };
		068A8A4B2510AF520077AF42 /* SceneDelegate.swift */ = {isa = PBXFileReference; lastKnownFileType = sourcecode.swift; path = SceneDelegate.swift; sourceTree = "<group>"; };
		068A8A4D2510AF520077AF42 /* ViewController.swift */ = {isa = PBXFileReference; lastKnownFileType = sourcecode.swift; path = ViewController.swift; sourceTree = "<group>"; };
		068A8A502510AF520077AF42 /* Base */ = {isa = PBXFileReference; lastKnownFileType = file.storyboard; name = Base; path = Base.lproj/Main.storyboard; sourceTree = "<group>"; };
		068A8A532510AF520077AF42 /* LiveGame.xcdatamodel */ = {isa = PBXFileReference; lastKnownFileType = wrapper.xcdatamodel; path = LiveGame.xcdatamodel; sourceTree = "<group>"; };
		068A8A552510AF560077AF42 /* Assets.xcassets */ = {isa = PBXFileReference; lastKnownFileType = folder.assetcatalog; path = Assets.xcassets; sourceTree = "<group>"; };
		068A8A582510AF560077AF42 /* Base */ = {isa = PBXFileReference; lastKnownFileType = file.storyboard; name = Base; path = Base.lproj/LaunchScreen.storyboard; sourceTree = "<group>"; };
		068A8A5A2510AF560077AF42 /* Info.plist */ = {isa = PBXFileReference; lastKnownFileType = text.plist.xml; path = Info.plist; sourceTree = "<group>"; };
/* End PBXFileReference section */

/* Begin PBXFrameworksBuildPhase section */
		068A8A432510AF520077AF42 /* Frameworks */ = {
			isa = PBXFrameworksBuildPhase;
			buildActionMask = 2147483647;
			files = (
			);
			runOnlyForDeploymentPostprocessing = 0;
		};
/* End PBXFrameworksBuildPhase section */

/* Begin PBXGroup section */
		068A8A3D2510AF520077AF42 = {
			isa = PBXGroup;
			children = (
				068A8A482510AF520077AF42 /* LiveGame */,
				068A8A472510AF520077AF42 /* Products */,
			);
			sourceTree = "<group>";
		};
		068A8A472510AF520077AF42 /* Products */ = {
			isa = PBXGroup;
			children = (
				068A8A462510AF520077AF42 /* LiveGame.app */,
			);
			name = Products;
			sourceTree = "<group>";
		};
		068A8A482510AF520077AF42 /* LiveGame */ = {
			isa = PBXGroup;
			children = (
				068A8A492510AF520077AF42 /* AppDelegate.swift */,
				068A8A4B2510AF520077AF42 /* SceneDelegate.swift */,
				068A8A4D2510AF520077AF42 /* ViewController.swift */,
				068A8A4F2510AF520077AF42 /* Main.storyboard */,
				068A8A552510AF560077AF42 /* Assets.xcassets */,
				068A8A572510AF560077AF42 /* LaunchScreen.storyboard */,
				068A8A5A2510AF560077AF42 /* Info.plist */,
				068A8A522510AF520077AF42 /* LiveGame.xcdatamodeld */,
			);
			path = LiveGame;
			sourceTree = "<group>";
		};
/* End PBXGroup section */

/* Begin PBXNativeTarget section */
		068A8A452510AF520077AF42 /* LiveGame */ = {
			isa = PBXNativeTarget;
			buildConfigurationList = 068A8A5D2510AF560077AF42 /* Build configuration list for PBXNativeTarget "LiveGame" */;
			buildPhases = (
				068A8A422510AF520077AF42 /* Sources */,
				068A8A432510AF520077AF42 /* Frameworks */,
				068A8A442510AF520077AF42 /* Resources */,
			);
			buildRules = (
			);
			dependencies = (
			);
			name = LiveGame;
			productName = LiveGame;
			productReference = 068A8A462510AF520077AF42 /* LiveGame.app */;
			productType = "com.apple.product-type.application";
		};
/* End PBXNativeTarget section */

/* Begin PBXProject section */
		068A8A3E2510AF520077AF42 /* Project object */ = {
			isa = PBXProject;
			attributes = {
				LastSwiftUpdateCheck = 1150;
				LastUpgradeCheck = 1150;
				ORGANIZATIONNAME = nguyen.dinh.thach;
				TargetAttributes = {
					068A8A452510AF520077AF42 = {
						CreatedOnToolsVersion = 11.5;
					};
				};
			};
			buildConfigurationList = 068A8A412510AF520077AF42 /* Build configuration list for PBXProject "LiveGame" */;
			compatibilityVersion = "Xcode 9.3";
			developmentRegion = en;
			hasScannedForEncodings = 0;
			knownRegions = (
				en,
				Base,
			);
			mainGroup = 068A8A3D2510AF520077AF42;
			productRefGroup = 068A8A472510AF520077AF42 /* Products */;
			projectDirPath = "";
			projectRoot = "";
			targets = (
				068A8A452510AF520077AF42 /* LiveGame */,
			);
		};
/* End PBXProject section */

/* Begin PBXResourcesBuildPhase section */
		068A8A442510AF520077AF42 /* Resources */ = {
			isa = PBXResourcesBuildPhase;
			buildActionMask = 2147483647;
			files = (
				068A8A592510AF560077AF42 /* LaunchScreen.storyboard in Resources */,
				068A8A562510AF560077AF42 /* Assets.xcassets in Resources */,
				068A8A512510AF520077AF42 /* Main.storyboard in Resources */,
			);
			runOnlyForDeploymentPostprocessing = 0;
		};
/* End PBXResourcesBuildPhase section */

/* Begin PBXSourcesBuildPhase section */
		068A8A422510AF520077AF42 /* Sources */ = {
			isa = PBXSourcesBuildPhase;
			buildActionMask = 2147483647;
			files = (
				068A8A4E2510AF520077AF42 /* ViewController.swift in Sources */,
				068A8A4A2510AF520077AF42 /* AppDelegate.swift in Sources */,
				068A8A4C2510AF520077AF42 /* SceneDelegate.swift in Sources */,
				068A8A542510AF520077AF42 /* LiveGame.xcdatamodeld in Sources */,
			);
			runOnlyForDeploymentPostprocessing = 0;
		};
/* End PBXSourcesBuildPhase section */

/* Begin PBXVariantGroup section */
		068A8A4F2510AF520077AF42 /* Main.storyboard */ = {
			isa = PBXVariantGroup;
			children = (
				068A8A502510AF520077AF42 /* Base */,
			);
			name = Main.storyboard;
			sourceTree = "<group>";
		};
		068A8A572510AF560077AF42 /* LaunchScreen.storyboard */ = {
			isa = PBXVariantGroup;
			children = (
				068A8A582510AF560077AF42 /* Base */,
			);
			name = LaunchScreen.storyboard;
			sourceTree = "<group>";
		};
/* End PBXVariantGroup section */

/* Begin XCBuildConfiguration section */
		068A8A5B2510AF560077AF42 /* Debug */ = {
			isa = XCBuildConfiguration;
			buildSettings = {
				ALWAYS_SEARCH_USER_PATHS = NO;
				CLANG_ANALYZER_NONNULL = YES;
				CLANG_ANALYZER_NUMBER_OBJECT_CONVERSION = YES_AGGRESSIVE;
				CLANG_CXX_LANGUAGE_STANDARD = "gnu++14";
				CLANG_CXX_LIBRARY = "libc++";
				CLANG_ENABLE_MODULES = YES;
				CLANG_ENABLE_OBJC_ARC = YES;
				CLANG_ENABLE_OBJC_WEAK = YES;
				CLANG_WARN_BLOCK_CAPTURE_AUTORELEASING = YES;
				CLANG_WARN_BOOL_CONVERSION = YES;
				CLANG_WARN_COMMA = YES;
				CLANG_WARN_CONSTANT_CONVERSION = YES;
				CLANG_WARN_DEPRECATED_OBJC_IMPLEMENTATIONS = YES;
				CLANG_WARN_DIRECT_OBJC_ISA_USAGE = YES_ERROR;
				CLANG_WARN_DOCUMENTATION_COMMENTS = YES;
				CLANG_WARN_EMPTY_BODY = YES;
				CLANG_WARN_ENUM_CONVERSION = YES;
				CLANG_WARN_INFINITE_RECURSION = YES;
				CLANG_WARN_INT_CONVERSION = YES;
				CLANG_WARN_NON_LITERAL_NULL_CONVERSION = YES;
				CLANG_WARN_OBJC_IMPLICIT_RETAIN_SELF = YES;
				CLANG_WARN_OBJC_LITERAL_CONVERSION = YES;
				CLANG_WARN_OBJC_ROOT_CLASS = YES_ERROR;
				CLANG_WARN_RANGE_LOOP_ANALYSIS = YES;
				CLANG_WARN_STRICT_PROTOTYPES = YES;
				CLANG_WARN_SUSPICIOUS_MOVE = YES;
				CLANG_WARN_UNGUARDED_AVAILABILITY = YES_AGGRESSIVE;
				CLANG_WARN_UNREACHABLE_CODE = YES;
				CLANG_WARN__DUPLICATE_METHOD_MATCH = YES;
				COPY_PHASE_STRIP = NO;
				DEBUG_INFORMATION_FORMAT = dwarf;
				ENABLE_STRICT_OBJC_MSGSEND = YES;
				ENABLE_TESTABILITY = YES;
				GCC_C_LANGUAGE_STANDARD = gnu11;
				GCC_DYNAMIC_NO_PIC = NO;
				GCC_NO_COMMON_BLOCKS = YES;
				GCC_OPTIMIZATION_LEVEL = 0;
				GCC_PREPROCESSOR_DEFINITIONS = (
					"DEBUG=1",
					"$(inherited)",
				);
				GCC_WARN_64_TO_32_BIT_CONVERSION = YES;
				GCC_WARN_ABOUT_RETURN_TYPE = YES_ERROR;
				GCC_WARN_UNDECLARED_SELECTOR = YES;
				GCC_WARN_UNINITIALIZED_AUTOS = YES_AGGRESSIVE;
				GCC_WARN_UNUSED_FUNCTION = YES;
				GCC_WARN_UNUSED_VARIABLE = YES;
				IPHONEOS_DEPLOYMENT_TARGET = 13.5;
				MTL_ENABLE_DEBUG_INFO = INCLUDE_SOURCE;
				MTL_FAST_MATH = YES;
				ONLY_ACTIVE_ARCH = YES;
				SDKROOT = iphoneos;
				SWIFT_ACTIVE_COMPILATION_CONDITIONS = DEBUG;
				SWIFT_OPTIMIZATION_LEVEL = "-Onone";
			};
			name = Debug;
		};
		068A8A5C2510AF560077AF42 /* Release */ = {
			isa = XCBuildConfiguration;
			buildSettings = {
				ALWAYS_SEARCH_USER_PATHS = NO;
				CLANG_ANALYZER_NONNULL = YES;
				CLANG_ANALYZER_NUMBER_OBJECT_CONVERSION = YES_AGGRESSIVE;
				CLANG_CXX_LANGUAGE_STANDARD = "gnu++14";
				CLANG_CXX_LIBRARY = "libc++";
				CLANG_ENABLE_MODULES = YES;
				CLANG_ENABLE_OBJC_ARC = YES;
				CLANG_ENABLE_OBJC_WEAK = YES;
				CLANG_WARN_BLOCK_CAPTURE_AUTORELEASING = YES;
				CLANG_WARN_BOOL_CONVERSION = YES;
				CLANG_WARN_COMMA = YES;
				CLANG_WARN_CONSTANT_CONVERSION = YES;
				CLANG_WARN_DEPRECATED_OBJC_IMPLEMENTATIONS = YES;
				CLANG_WARN_DIRECT_OBJC_ISA_USAGE = YES_ERROR;
				CLANG_WARN_DOCUMENTATION_COMMENTS = YES;
				CLANG_WARN_EMPTY_BODY = YES;
				CLANG_WARN_ENUM_CONVERSION = YES;
				CLANG_WARN_INFINITE_RECURSION = YES;
				CLANG_WARN_INT_CONVERSION = YES;
				CLANG_WARN_NON_LITERAL_NULL_CONVERSION = YES;
				CLANG_WARN_OBJC_IMPLICIT_RETAIN_SELF = YES;
				CLANG_WARN_OBJC_LITERAL_CONVERSION = YES;
				CLANG_WARN_OBJC_ROOT_CLASS = YES_ERROR;
				CLANG_WARN_RANGE_LOOP_ANALYSIS = YES;
				CLANG_WARN_STRICT_PROTOTYPES = YES;
				CLANG_WARN_SUSPICIOUS_MOVE = YES;
				CLANG_WARN_UNGUARDED_AVAILABILITY = YES_AGGRESSIVE;
				CLANG_WARN_UNREACHABLE_CODE = YES;
				CLANG_WARN__DUPLICATE_METHOD_MATCH = YES;
				COPY_PHASE_STRIP = NO;
				DEBUG_INFORMATION_FORMAT = "dwarf-with-dsym";
				ENABLE_NS_ASSERTIONS = NO;
				ENABLE_STRICT_OBJC_MSGSEND = YES;
				GCC_C_LANGUAGE_STANDARD = gnu11;
				GCC_NO_COMMON_BLOCKS = YES;
				GCC_WARN_64_TO_32_BIT_CONVERSION = YES;
				GCC_WARN_ABOUT_RETURN_TYPE = YES_ERROR;
				GCC_WARN_UNDECLARED_SELECTOR = YES;
				GCC_WARN_UNINITIALIZED_AUTOS = YES_AGGRESSIVE;
				GCC_WARN_UNUSED_FUNCTION = YES;
				GCC_WARN_UNUSED_VARIABLE = YES;
				IPHONEOS_DEPLOYMENT_TARGET = 13.5;
				MTL_ENABLE_DEBUG_INFO = NO;
				MTL_FAST_MATH = YES;
				SDKROOT = iphoneos;
				SWIFT_COMPILATION_MODE = wholemodule;
				SWIFT_OPTIMIZATION_LEVEL = "-O";
				VALIDATE_PRODUCT = YES;
			};
			name = Release;
		};
		068A8A5E2510AF560077AF42 /* Debug */ = {
			isa = XCBuildConfiguration;
			buildSettings = {
				ASSETCATALOG_COMPILER_APPICON_NAME = AppIcon;
				CODE_SIGN_STYLE = Automatic;
				DEVELOPMENT_TEAM = 3KM8XHPJ49;
				INFOPLIST_FILE = LiveGame/Info.plist;
				LD_RUNPATH_SEARCH_PATHS = (
					"$(inherited)",
					"@executable_path/Frameworks",
				);
				PRODUCT_BUNDLE_IDENTIFIER = Comet.LiveGame;
				PRODUCT_NAME = "$(TARGET_NAME)";
				SWIFT_VERSION = 5.0;
				TARGETED_DEVICE_FAMILY = "1,2";
			};
			name = Debug;
		};
		068A8A5F2510AF560077AF42 /* Release */ = {
			isa = XCBuildConfiguration;
			buildSettings = {
				ASSETCATALOG_COMPILER_APPICON_NAME = AppIcon;
				CODE_SIGN_STYLE = Automatic;
				DEVELOPMENT_TEAM = 3KM8XHPJ49;
				INFOPLIST_FILE = LiveGame/Info.plist;
				LD_RUNPATH_SEARCH_PATHS = (
					"$(inherited)",
					"@executable_path/Frameworks",
				);
				PRODUCT_BUNDLE_IDENTIFIER = Comet.LiveGame;
				PRODUCT_NAME = "$(TARGET_NAME)";
				SWIFT_VERSION = 5.0;
				TARGETED_DEVICE_FAMILY = "1,2";
			};
			name = Release;
		};
/* End XCBuildConfiguration section */

/* Begin XCConfigurationList section */
		068A8A412510AF520077AF42 /* Build configuration list for PBXProject "LiveGame" */ = {
			isa = XCConfigurationList;
			buildConfigurations = (
				068A8A5B2510AF560077AF42 /* Debug */,
				068A8A5C2510AF560077AF42 /* Release */,
			);
			defaultConfigurationIsVisible = 0;
			defaultConfigurationName = Release;
		};
		068A8A5D2510AF560077AF42 /* Build configuration list for PBXNativeTarget "LiveGame" */ = {
			isa = XCConfigurationList;
			buildConfigurations = (
				068A8A5E2510AF560077AF42 /* Debug */,
				068A8A5F2510AF560077AF42 /* Release */,
			);
			defaultConfigurationIsVisible = 0;
			defaultConfigurationName = Release;
		};
/* End XCConfigurationList section */

/* Begin XCVersionGroup section */
		068A8A522510AF520077AF42 /* LiveGame.xcdatamodeld */ = {
			isa = XCVersionGroup;
			children = (
				068A8A532510AF520077AF42 /* LiveGame.xcdatamodel */,
			);
			currentVersion = 068A8A532510AF520077AF42 /* LiveGame.xcdatamodel */;
			path = LiveGame.xcdatamodeld;
			sourceTree = "<group>";
			versionGroupType = wrapper.xcdatamodel;
		};
/* End XCVersionGroup section */
	};
	rootObject = 068A8A3E2510AF520077AF42 /* Project object */;
}
